
Microsoft Visual Studio Solution File, Format Version 12.00
# Visual Studio Version 17
VisualStudioVersion = 17.2.32630.192
MinimumVisualStudioVersion = 10.0.40219.1
Project("{FAE04EC0-301F-11D3-BF4B-00C04F79EFBC}") = "antonio-d7-avaliacao", "antonio-d7-avaliacao.csproj", "{AC47706A-ECCA-4A12-9597-24CA8E2E5600}"
EndProject
Global
	GlobalSection(SolutionConfigurationPlatforms) = preSolution
		Debug|Any CPU = Debug|Any CPU
		Release|Any CPU = Release|Any CPU
	EndGlobalSection
	GlobalSection(ProjectConfigurationPlatforms) = postSolution
		{AC47706A-ECCA-4A12-9597-24CA8E2E5600}.Debug|Any CPU.ActiveCfg = Debug|Any CPU
		{AC47706A-ECCA-4A12-9597-24CA8E2E5600}.Debug|Any CPU.Build.0 = Debug|Any CPU
		{AC47706A-ECCA-4A12-9597-24CA8E2E5600}.Release|Any CPU.ActiveCfg = Release|Any CPU
		{AC47706A-ECCA-4A12-9597-24CA8E2E5600}.Release|Any CPU.Build.0 = Release|Any CPU
	EndGlobalSection
	GlobalSection(SolutionProperties) = preSolution
		HideSolutionNode = FALSE
	EndGlobalSection
	GlobalSection(ExtensibilityGlobals) = postSolution
		SolutionGuid = {3A7F435A-AC7E-4818-B688-C210A425CDBC}
	EndGlobalSection
EndGlobal
